
Microsoft Visual Studio Solution File, Format Version 12.00
# Visual Studio Version 17
VisualStudioVersion = 17.0.31903.59
MinimumVisualStudioVersion = 10.0.40219.1
Project("{FAE04EC0-301F-11D3-BF4B-00C04F79EFBC}") = "InvoicingApp.UI", "InvoicingApp.UI\InvoicingApp.UI.csproj", "{CC2DCE9F-576D-4BE3-87CC-B819B82BCB61}"
EndProject
Project("{FAE04EC0-301F-11D3-BF4B-00C04F79EFBC}") = "InvoicingApp.Core", "InvoicingApp.Core\InvoicingApp.Core.csproj", "{8BFFCE15-5E5F-49EE-967A-C9B4BEA23938}"
EndProject
Project("{FAE04EC0-301F-11D3-BF4B-00C04F79EFBC}") = "InvoicingApp.Infrastructure", "InvoicingApp.Infrastructure\InvoicingApp.Infrastructure.csproj", "{8D227CA0-ACE2-434E-A341-4E7740E20E6B}"
EndProject
Global
	GlobalSection(SolutionConfigurationPlatforms) = preSolution
		Debug|Any CPU = Debug|Any CPU
		Release|Any CPU = Release|Any CPU
	EndGlobalSection
	GlobalSection(SolutionProperties) = preSolution
		HideSolutionNode = FALSE
	EndGlobalSection
	GlobalSection(ProjectConfigurationPlatforms) = postSolution
		{CC2DCE9F-576D-4BE3-87CC-B819B82BCB61}.Debug|Any CPU.ActiveCfg = Debug|Any CPU
		{CC2DCE9F-576D-4BE3-87CC-B819B82BCB61}.Debug|Any CPU.Build.0 = Debug|Any CPU
		{CC2DCE9F-576D-4BE3-87CC-B819B82BCB61}.Release|Any CPU.ActiveCfg = Release|Any CPU
		{CC2DCE9F-576D-4BE3-87CC-B819B82BCB61}.Release|Any CPU.Build.0 = Release|Any CPU
		{8BFFCE15-5E5F-49EE-967A-C9B4BEA23938}.Debug|Any CPU.ActiveCfg = Debug|Any CPU
		{8BFFCE15-5E5F-49EE-967A-C9B4BEA23938}.Debug|Any CPU.Build.0 = Debug|Any CPU
		{8BFFCE15-5E5F-49EE-967A-C9B4BEA23938}.Release|Any CPU.ActiveCfg = Release|Any CPU
		{8BFFCE15-5E5F-49EE-967A-C9B4BEA23938}.Release|Any CPU.Build.0 = Release|Any CPU
		{8D227CA0-ACE2-434E-A341-4E7740E20E6B}.Debug|Any CPU.ActiveCfg = Debug|Any CPU
		{8D227CA0-ACE2-434E-A341-4E7740E20E6B}.Debug|Any CPU.Build.0 = Debug|Any CPU
		{8D227CA0-ACE2-434E-A341-4E7740E20E6B}.Release|Any CPU.ActiveCfg = Release|Any CPU
		{8D227CA0-ACE2-434E-A341-4E7740E20E6B}.Release|Any CPU.Build.0 = Release|Any CPU
	EndGlobalSection
EndGlobal
